// !$*UTF8*$!
{
	archiveVersion = 1;
	classes = {
	};
	objectVersion = 50;
	objects = {

/* Begin PBXBuildFile section */
		09ED730B25D9CB4F00511EBD /* AppDelegate.swift in Sources */ = {isa = PBXBuildFile; fileRef = 09ED730A25D9CB4F00511EBD /* AppDelegate.swift */; };
		09ED730D25D9CB4F00511EBD /* SceneDelegate.swift in Sources */ = {isa = PBXBuildFile; fileRef = 09ED730C25D9CB4F00511EBD /* SceneDelegate.swift */; };
		09ED730F25D9CB4F00511EBD /* ViewController.swift in Sources */ = {isa = PBXBuildFile; fileRef = 09ED730E25D9CB4F00511EBD /* ViewController.swift */; };
		09ED731225D9CB4F00511EBD /* Main.storyboard in Resources */ = {isa = PBXBuildFile; fileRef = 09ED731025D9CB4F00511EBD /* Main.storyboard */; };
		09ED731425D9CB5100511EBD /* Assets.xcassets in Resources */ = {isa = PBXBuildFile; fileRef = 09ED731325D9CB5100511EBD /* Assets.xcassets */; };
		09ED731725D9CB5100511EBD /* LaunchScreen.storyboard in Resources */ = {isa = PBXBuildFile; fileRef = 09ED731525D9CB5100511EBD /* LaunchScreen.storyboard */; };
		09ED732225D9CB5200511EBD /* flashcardsTests.swift in Sources */ = {isa = PBXBuildFile; fileRef = 09ED732125D9CB5200511EBD /* flashcardsTests.swift */; };
		09ED732D25D9CB5200511EBD /* flashcardsUITests.swift in Sources */ = {isa = PBXBuildFile; fileRef = 09ED732C25D9CB5200511EBD /* flashcardsUITests.swift */; };
/* End PBXBuildFile section */

/* Begin PBXContainerItemProxy section */
		09ED731E25D9CB5200511EBD /* PBXContainerItemProxy */ = {
			isa = PBXContainerItemProxy;
			containerPortal = 09ED72FF25D9CB4F00511EBD /* Project object */;
			proxyType = 1;
			remoteGlobalIDString = 09ED730625D9CB4F00511EBD;
			remoteInfo = flashcards;
		};
		09ED732925D9CB5200511EBD /* PBXContainerItemProxy */ = {
			isa = PBXContainerItemProxy;
			containerPortal = 09ED72FF25D9CB4F00511EBD /* Project object */;
			proxyType = 1;
			remoteGlobalIDString = 09ED730625D9CB4F00511EBD;
			remoteInfo = flashcards;
		};
/* End PBXContainerItemProxy section */

/* Begin PBXFileReference section */
		09ED730725D9CB4F00511EBD /* flashcards.app */ = {isa = PBXFileReference; explicitFileType = wrapper.application; includeInIndex = 0; path = flashcards.app; sourceTree = BUILT_PRODUCTS_DIR; };
		09ED730A25D9CB4F00511EBD /* AppDelegate.swift */ = {isa = PBXFileReference; lastKnownFileType = sourcecode.swift; path = AppDelegate.swift; sourceTree = "<group>"; };
		09ED730C25D9CB4F00511EBD /* SceneDelegate.swift */ = {isa = PBXFileReference; lastKnownFileType = sourcecode.swift; path = SceneDelegate.swift; sourceTree = "<group>"; };
		09ED730E25D9CB4F00511EBD /* ViewController.swift */ = {isa = PBXFileReference; lastKnownFileType = sourcecode.swift; path = ViewController.swift; sourceTree = "<group>"; };
		09ED731125D9CB4F00511EBD /* Base */ = {isa = PBXFileReference; lastKnownFileType = file.storyboard; name = Base; path = Base.lproj/Main.storyboard; sourceTree = "<group>"; };
		09ED731325D9CB5100511EBD /* Assets.xcassets */ = {isa = PBXFileReference; lastKnownFileType = folder.assetcatalog; path = Assets.xcassets; sourceTree = "<group>"; };
		09ED731625D9CB5100511EBD /* Base */ = {isa = PBXFileReference; lastKnownFileType = file.storyboard; name = Base; path = Base.lproj/LaunchScreen.storyboard; sourceTree = "<group>"; };
		09ED731825D9CB5100511EBD /* Info.plist */ = {isa = PBXFileReference; lastKnownFileType = text.plist.xml; path = Info.plist; sourceTree = "<group>"; };
		09ED731D25D9CB5200511EBD /* flashcardsTests.xctest */ = {isa = PBXFileReference; explicitFileType = wrapper.cfbundle; includeInIndex = 0; path = flashcardsTests.xctest; sourceTree = BUILT_PRODUCTS_DIR; };
		09ED732125D9CB5200511EBD /* flashcardsTests.swift */ = {isa = PBXFileReference; lastKnownFileType = sourcecode.swift; path = flashcardsTests.swift; sourceTree = "<group>"; };
		09ED732325D9CB5200511EBD /* Info.plist */ = {isa = PBXFileReference; lastKnownFileType = text.plist.xml; path = Info.plist; sourceTree = "<group>"; };
		09ED732825D9CB5200511EBD /* flashcardsUITests.xctest */ = {isa = PBXFileReference; explicitFileType = wrapper.cfbundle; includeInIndex = 0; path = flashcardsUITests.xctest; sourceTree = BUILT_PRODUCTS_DIR; };
		09ED732C25D9CB5200511EBD /* flashcardsUITests.swift */ = {isa = PBXFileReference; lastKnownFileType = sourcecode.swift; path = flashcardsUITests.swift; sourceTree = "<group>"; };
		09ED732E25D9CB5200511EBD /* Info.plist */ = {isa = PBXFileReference; lastKnownFileType = text.plist.xml; path = Info.plist; sourceTree = "<group>"; };
/* End PBXFileReference section */

/* Begin PBXFrameworksBuildPhase section */
		09ED730425D9CB4F00511EBD /* Frameworks */ = {
			isa = PBXFrameworksBuildPhase;
			buildActionMask = 2147483647;
			files = (
			);
			runOnlyForDeploymentPostprocessing = 0;
		};
		09ED731A25D9CB5200511EBD /* Frameworks */ = {
			isa = PBXFrameworksBuildPhase;
			buildActionMask = 2147483647;
			files = (
			);
			runOnlyForDeploymentPostprocessing = 0;
		};
		09ED732525D9CB5200511EBD /* Frameworks */ = {
			isa = PBXFrameworksBuildPhase;
			buildActionMask = 2147483647;
			files = (
			);
			runOnlyForDeploymentPostprocessing = 0;
		};
/* End PBXFrameworksBuildPhase section */

/* Begin PBXGroup section */
		09ED72FE25D9CB4F00511EBD = {
			isa = PBXGroup;
			children = (
				09ED730925D9CB4F00511EBD /* flashcards */,
				09ED732025D9CB5200511EBD /* flashcardsTests */,
				09ED732B25D9CB5200511EBD /* flashcardsUITests */,
				09ED730825D9CB4F00511EBD /* Products */,
			);
			sourceTree = "<group>";
		};
		09ED730825D9CB4F00511EBD /* Products */ = {
			isa = PBXGroup;
			children = (
				09ED730725D9CB4F00511EBD /* flashcards.app */,
				09ED731D25D9CB5200511EBD /* flashcardsTests.xctest */,
				09ED732825D9CB5200511EBD /* flashcardsUITests.xctest */,
			);
			name = Products;
			sourceTree = "<group>";
		};
		09ED730925D9CB4F00511EBD /* flashcards */ = {
			isa = PBXGroup;
			children = (
				09ED730A25D9CB4F00511EBD /* AppDelegate.swift */,
				09ED730C25D9CB4F00511EBD /* SceneDelegate.swift */,
				09ED730E25D9CB4F00511EBD /* ViewController.swift */,
				09ED731025D9CB4F00511EBD /* Main.storyboard */,
				09ED731325D9CB5100511EBD /* Assets.xcassets */,
				09ED731525D9CB5100511EBD /* LaunchScreen.storyboard */,
				09ED731825D9CB5100511EBD /* Info.plist */,
			);
			path = flashcards;
			sourceTree = "<group>";
		};
		09ED732025D9CB5200511EBD /* flashcardsTests */ = {
			isa = PBXGroup;
			children = (
				09ED732125D9CB5200511EBD /* flashcardsTests.swift */,
				09ED732325D9CB5200511EBD /* Info.plist */,
			);
			path = flashcardsTests;
			sourceTree = "<group>";
		};
		09ED732B25D9CB5200511EBD /* flashcardsUITests */ = {
			isa = PBXGroup;
			children = (
				09ED732C25D9CB5200511EBD /* flashcardsUITests.swift */,
				09ED732E25D9CB5200511EBD /* Info.plist */,
			);
			path = flashcardsUITests;
			sourceTree = "<group>";
		};
/* End PBXGroup section */

/* Begin PBXNativeTarget section */
		09ED730625D9CB4F00511EBD /* flashcards */ = {
			isa = PBXNativeTarget;
			buildConfigurationList = 09ED733125D9CB5200511EBD /* Build configuration list for PBXNativeTarget "flashcards" */;
			buildPhases = (
				09ED730325D9CB4F00511EBD /* Sources */,
				09ED730425D9CB4F00511EBD /* Frameworks */,
				09ED730525D9CB4F00511EBD /* Resources */,
			);
			buildRules = (
			);
			dependencies = (
			);
			name = flashcards;
			productName = flashcards;
			productReference = 09ED730725D9CB4F00511EBD /* flashcards.app */;
			productType = "com.apple.product-type.application";
		};
		09ED731C25D9CB5200511EBD /* flashcardsTests */ = {
			isa = PBXNativeTarget;
			buildConfigurationList = 09ED733425D9CB5200511EBD /* Build configuration list for PBXNativeTarget "flashcardsTests" */;
			buildPhases = (
				09ED731925D9CB5200511EBD /* Sources */,
				09ED731A25D9CB5200511EBD /* Frameworks */,
				09ED731B25D9CB5200511EBD /* Resources */,
			);
			buildRules = (
			);
			dependencies = (
				09ED731F25D9CB5200511EBD /* PBXTargetDependency */,
			);
			name = flashcardsTests;
			productName = flashcardsTests;
			productReference = 09ED731D25D9CB5200511EBD /* flashcardsTests.xctest */;
			productType = "com.apple.product-type.bundle.unit-test";
		};
		09ED732725D9CB5200511EBD /* flashcardsUITests */ = {
			isa = PBXNativeTarget;
			buildConfigurationList = 09ED733725D9CB5200511EBD /* Build configuration list for PBXNativeTarget "flashcardsUITests" */;
			buildPhases = (
				09ED732425D9CB5200511EBD /* Sources */,
				09ED732525D9CB5200511EBD /* Frameworks */,
				09ED732625D9CB5200511EBD /* Resources */,
			);
			buildRules = (
			);
			dependencies = (
				09ED732A25D9CB5200511EBD /* PBXTargetDependency */,
			);
			name = flashcardsUITests;
			productName = flashcardsUITests;
			productReference = 09ED732825D9CB5200511EBD /* flashcardsUITests.xctest */;
			productType = "com.apple.product-type.bundle.ui-testing";
		};
/* End PBXNativeTarget section */

/* Begin PBXProject section */
		09ED72FF25D9CB4F00511EBD /* Project object */ = {
			isa = PBXProject;
			attributes = {
				LastSwiftUpdateCheck = 1240;
				LastUpgradeCheck = 1240;
				TargetAttributes = {
					09ED730625D9CB4F00511EBD = {
						CreatedOnToolsVersion = 12.4;
					};
					09ED731C25D9CB5200511EBD = {
						CreatedOnToolsVersion = 12.4;
						TestTargetID = 09ED730625D9CB4F00511EBD;
					};
					09ED732725D9CB5200511EBD = {
						CreatedOnToolsVersion = 12.4;
						TestTargetID = 09ED730625D9CB4F00511EBD;
					};
				};
			};
			buildConfigurationList = 09ED730225D9CB4F00511EBD /* Build configuration list for PBXProject "flashcards" */;
			compatibilityVersion = "Xcode 9.3";
			developmentRegion = en;
			hasScannedForEncodings = 0;
			knownRegions = (
				en,
				Base,
			);
			mainGroup = 09ED72FE25D9CB4F00511EBD;
			productRefGroup = 09ED730825D9CB4F00511EBD /* Products */;
			projectDirPath = "";
			projectRoot = "";
			targets = (
				09ED730625D9CB4F00511EBD /* flashcards */,
				09ED731C25D9CB5200511EBD /* flashcardsTests */,
				09ED732725D9CB5200511EBD /* flashcardsUITests */,
			);
		};
/* End PBXProject section */

/* Begin PBXResourcesBuildPhase section */
		09ED730525D9CB4F00511EBD /* Resources */ = {
			isa = PBXResourcesBuildPhase;
			buildActionMask = 2147483647;
			files = (
				09ED731725D9CB5100511EBD /* LaunchScreen.storyboard in Resources */,
				09ED731425D9CB5100511EBD /* Assets.xcassets in Resources */,
				09ED731225D9CB4F00511EBD /* Main.storyboard in Resources */,
			);
			runOnlyForDeploymentPostprocessing = 0;
		};
		09ED731B25D9CB5200511EBD /* Resources */ = {
			isa = PBXResourcesBuildPhase;
			buildActionMask = 2147483647;
			files = (
			);
			runOnlyForDeploymentPostprocessing = 0;
		};
		09ED732625D9CB5200511EBD /* Resources */ = {
			isa = PBXResourcesBuildPhase;
			buildActionMask = 2147483647;
			files = (
			);
			runOnlyForDeploymentPostprocessing = 0;
		};
/* End PBXResourcesBuildPhase section */

/* Begin PBXSourcesBuildPhase section */
		09ED730325D9CB4F00511EBD /* Sources */ = {
			isa = PBXSourcesBuildPhase;
			buildActionMask = 2147483647;
			files = (
				09ED730F25D9CB4F00511EBD /* ViewController.swift in Sources */,
				09ED730B25D9CB4F00511EBD /* AppDelegate.swift in Sources */,
				09ED730D25D9CB4F00511EBD /* SceneDelegate.swift in Sources */,
			);
			runOnlyForDeploymentPostprocessing = 0;
		};
		09ED731925D9CB5200511EBD /* Sources */ = {
			isa = PBXSourcesBuildPhase;
			buildActionMask = 2147483647;
			files = (
				09ED732225D9CB5200511EBD /* flashcardsTests.swift in Sources */,
			);
			runOnlyForDeploymentPostprocessing = 0;
		};
		09ED732425D9CB5200511EBD /* Sources */ = {
			isa = PBXSourcesBuildPhase;
			buildActionMask = 2147483647;
			files = (
				09ED732D25D9CB5200511EBD /* flashcardsUITests.swift in Sources */,
			);
			runOnlyForDeploymentPostprocessing = 0;
		};
/* End PBXSourcesBuildPhase section */

/* Begin PBXTargetDependency section */
		09ED731F25D9CB5200511EBD /* PBXTargetDependency */ = {
			isa = PBXTargetDependency;
			target = 09ED730625D9CB4F00511EBD /* flashcards */;
			targetProxy = 09ED731E25D9CB5200511EBD /* PBXContainerItemProxy */;
		};
		09ED732A25D9CB5200511EBD /* PBXTargetDependency */ = {
			isa = PBXTargetDependency;
			target = 09ED730625D9CB4F00511EBD /* flashcards */;
			targetProxy = 09ED732925D9CB5200511EBD /* PBXContainerItemProxy */;
		};
/* End PBXTargetDependency section */

/* Begin PBXVariantGroup section */
		09ED731025D9CB4F00511EBD /* Main.storyboard */ = {
			isa = PBXVariantGroup;
			children = (
				09ED731125D9CB4F00511EBD /* Base */,
			);
			name = Main.storyboard;
			sourceTree = "<group>";
		};
		09ED731525D9CB5100511EBD /* LaunchScreen.storyboard */ = {
			isa = PBXVariantGroup;
			children = (
				09ED731625D9CB5100511EBD /* Base */,
			);
			name = LaunchScreen.storyboard;
			sourceTree = "<group>";
		};
/* End PBXVariantGroup section */

/* Begin XCBuildConfiguration section */
		09ED732F25D9CB5200511EBD /* Debug */ = {
			isa = XCBuildConfiguration;
			buildSettings = {
				ALWAYS_SEARCH_USER_PATHS = NO;
				CLANG_ANALYZER_NONNULL = YES;
				CLANG_ANALYZER_NUMBER_OBJECT_CONVERSION = YES_AGGRESSIVE;
				CLANG_CXX_LANGUAGE_STANDARD = "gnu++14";
				CLANG_CXX_LIBRARY = "libc++";
				CLANG_ENABLE_MODULES = YES;
				CLANG_ENABLE_OBJC_ARC = YES;
				CLANG_ENABLE_OBJC_WEAK = YES;
				CLANG_WARN_BLOCK_CAPTURE_AUTORELEASING = YES;
				CLANG_WARN_BOOL_CONVERSION = YES;
				CLANG_WARN_COMMA = YES;
				CLANG_WARN_CONSTANT_CONVERSION = YES;
				CLANG_WARN_DEPRECATED_OBJC_IMPLEMENTATIONS = YES;
				CLANG_WARN_DIRECT_OBJC_ISA_USAGE = YES_ERROR;
				CLANG_WARN_DOCUMENTATION_COMMENTS = YES;
				CLANG_WARN_EMPTY_BODY = YES;
				CLANG_WARN_ENUM_CONVERSION = YES;
				CLANG_WARN_INFINITE_RECURSION = YES;
				CLANG_WARN_INT_CONVERSION = YES;
				CLANG_WARN_NON_LITERAL_NULL_CONVERSION = YES;
				CLANG_WARN_OBJC_IMPLICIT_RETAIN_SELF = YES;
				CLANG_WARN_OBJC_LITERAL_CONVERSION = YES;
				CLANG_WARN_OBJC_ROOT_CLASS = YES_ERROR;
				CLANG_WARN_QUOTED_INCLUDE_IN_FRAMEWORK_HEADER = YES;
				CLANG_WARN_RANGE_LOOP_ANALYSIS = YES;
				CLANG_WARN_STRICT_PROTOTYPES = YES;
				CLANG_WARN_SUSPICIOUS_MOVE = YES;
				CLANG_WARN_UNGUARDED_AVAILABILITY = YES_AGGRESSIVE;
				CLANG_WARN_UNREACHABLE_CODE = YES;
				CLANG_WARN__DUPLICATE_METHOD_MATCH = YES;
				COPY_PHASE_STRIP = NO;
				DEBUG_INFORMATION_FORMAT = dwarf;
				ENABLE_STRICT_OBJC_MSGSEND = YES;
				ENABLE_TESTABILITY = YES;
				GCC_C_LANGUAGE_STANDARD = gnu11;
				GCC_DYNAMIC_NO_PIC = NO;
				GCC_NO_COMMON_BLOCKS = YES;
				GCC_OPTIMIZATION_LEVEL = 0;
				GCC_PREPROCESSOR_DEFINITIONS = (
					"DEBUG=1",
					"$(inherited)",
				);
				GCC_WARN_64_TO_32_BIT_CONVERSION = YES;
				GCC_WARN_ABOUT_RETURN_TYPE = YES_ERROR;
				GCC_WARN_UNDECLARED_SELECTOR = YES;
				GCC_WARN_UNINITIALIZED_AUTOS = YES_AGGRESSIVE;
				GCC_WARN_UNUSED_FUNCTION = YES;
				GCC_WARN_UNUSED_VARIABLE = YES;
				IPHONEOS_DEPLOYMENT_TARGET = 14.4;
				MTL_ENABLE_DEBUG_INFO = INCLUDE_SOURCE;
				MTL_FAST_MATH = YES;
				ONLY_ACTIVE_ARCH = YES;
				SDKROOT = iphoneos;
				SWIFT_ACTIVE_COMPILATION_CONDITIONS = DEBUG;
				SWIFT_OPTIMIZATION_LEVEL = "-Onone";
			};
			name = Debug;
		};
		09ED733025D9CB5200511EBD /* Release */ = {
			isa = XCBuildConfiguration;
			buildSettings = {
				ALWAYS_SEARCH_USER_PATHS = NO;
				CLANG_ANALYZER_NONNULL = YES;
				CLANG_ANALYZER_NUMBER_OBJECT_CONVERSION = YES_AGGRESSIVE;
				CLANG_CXX_LANGUAGE_STANDARD = "gnu++14";
				CLANG_CXX_LIBRARY = "libc++";
				CLANG_ENABLE_MODULES = YES;
				CLANG_ENABLE_OBJC_ARC = YES;
				CLANG_ENABLE_OBJC_WEAK = YES;
				CLANG_WARN_BLOCK_CAPTURE_AUTORELEASING = YES;
				CLANG_WARN_BOOL_CONVERSION = YES;
				CLANG_WARN_COMMA = YES;
				CLANG_WARN_CONSTANT_CONVERSION = YES;
				CLANG_WARN_DEPRECATED_OBJC_IMPLEMENTATIONS = YES;
				CLANG_WARN_DIRECT_OBJC_ISA_USAGE = YES_ERROR;
				CLANG_WARN_DOCUMENTATION_COMMENTS = YES;
				CLANG_WARN_EMPTY_BODY = YES;
				CLANG_WARN_ENUM_CONVERSION = YES;
				CLANG_WARN_INFINITE_RECURSION = YES;
				CLANG_WARN_INT_CONVERSION = YES;
				CLANG_WARN_NON_LITERAL_NULL_CONVERSION = YES;
				CLANG_WARN_OBJC_IMPLICIT_RETAIN_SELF = YES;
				CLANG_WARN_OBJC_LITERAL_CONVERSION = YES;
				CLANG_WARN_OBJC_ROOT_CLASS = YES_ERROR;
				CLANG_WARN_QUOTED_INCLUDE_IN_FRAMEWORK_HEADER = YES;
				CLANG_WARN_RANGE_LOOP_ANALYSIS = YES;
				CLANG_WARN_STRICT_PROTOTYPES = YES;
				CLANG_WARN_SUSPICIOUS_MOVE = YES;
				CLANG_WARN_UNGUARDED_AVAILABILITY = YES_AGGRESSIVE;
				CLANG_WARN_UNREACHABLE_CODE = YES;
				CLANG_WARN__DUPLICATE_METHOD_MATCH = YES;
				COPY_PHASE_STRIP = NO;
				DEBUG_INFORMATION_FORMAT = "dwarf-with-dsym";
				ENABLE_NS_ASSERTIONS = NO;
				ENABLE_STRICT_OBJC_MSGSEND = YES;
				GCC_C_LANGUAGE_STANDARD = gnu11;
				GCC_NO_COMMON_BLOCKS = YES;
				GCC_WARN_64_TO_32_BIT_CONVERSION = YES;
				GCC_WARN_ABOUT_RETURN_TYPE = YES_ERROR;
				GCC_WARN_UNDECLARED_SELECTOR = YES;
				GCC_WARN_UNINITIALIZED_AUTOS = YES_AGGRESSIVE;
				GCC_WARN_UNUSED_FUNCTION = YES;
				GCC_WARN_UNUSED_VARIABLE = YES;
				IPHONEOS_DEPLOYMENT_TARGET = 14.4;
				MTL_ENABLE_DEBUG_INFO = NO;
				MTL_FAST_MATH = YES;
				SDKROOT = iphoneos;
				SWIFT_COMPILATION_MODE = wholemodule;
				SWIFT_OPTIMIZATION_LEVEL = "-O";
				VALIDATE_PRODUCT = YES;
			};
			name = Release;
		};
		09ED733225D9CB5200511EBD /* Debug */ = {
			isa = XCBuildConfiguration;
			buildSettings = {
				ASSETCATALOG_COMPILER_APPICON_NAME = AppIcon;
				ASSETCATALOG_COMPILER_GLOBAL_ACCENT_COLOR_NAME = AccentColor;
				CODE_SIGN_STYLE = Automatic;
				INFOPLIST_FILE = flashcards/Info.plist;
				LD_RUNPATH_SEARCH_PATHS = (
					"$(inherited)",
					"@executable_path/Frameworks",
				);
				PRODUCT_BUNDLE_IDENTIFIER = Andrew.flashcards;
				PRODUCT_NAME = "$(TARGET_NAME)";
				SWIFT_VERSION = 5.0;
				TARGETED_DEVICE_FAMILY = "1,2";
			};
			name = Debug;
		};
		09ED733325D9CB5200511EBD /* Release */ = {
			isa = XCBuildConfiguration;
			buildSettings = {
				ASSETCATALOG_COMPILER_APPICON_NAME = AppIcon;
				ASSETCATALOG_COMPILER_GLOBAL_ACCENT_COLOR_NAME = AccentColor;
				CODE_SIGN_STYLE = Automatic;
				INFOPLIST_FILE = flashcards/Info.plist;
				LD_RUNPATH_SEARCH_PATHS = (
					"$(inherited)",
					"@executable_path/Frameworks",
				);
				PRODUCT_BUNDLE_IDENTIFIER = Andrew.flashcards;
				PRODUCT_NAME = "$(TARGET_NAME)";
				SWIFT_VERSION = 5.0;
				TARGETED_DEVICE_FAMILY = "1,2";
			};
			name = Release;
		};
		09ED733525D9CB5200511EBD /* Debug */ = {
			isa = XCBuildConfiguration;
			buildSettings = {
				ALWAYS_EMBED_SWIFT_STANDARD_LIBRARIES = YES;
				BUNDLE_LOADER = "$(TEST_HOST)";
				CODE_SIGN_STYLE = Automatic;
				INFOPLIST_FILE = flashcardsTests/Info.plist;
				IPHONEOS_DEPLOYMENT_TARGET = 14.4;
				LD_RUNPATH_SEARCH_PATHS = (
					"$(inherited)",
					"@executable_path/Frameworks",
					"@loader_path/Frameworks",
				);
				PRODUCT_BUNDLE_IDENTIFIER = Andrew.flashcardsTests;
				PRODUCT_NAME = "$(TARGET_NAME)";
				SWIFT_VERSION = 5.0;
				TARGETED_DEVICE_FAMILY = "1,2";
				TEST_HOST = "$(BUILT_PRODUCTS_DIR)/flashcards.app/flashcards";
			};
			name = Debug;
		};
		09ED733625D9CB5200511EBD /* Release */ = {
			isa = XCBuildConfiguration;
			buildSettings = {
				ALWAYS_EMBED_SWIFT_STANDARD_LIBRARIES = YES;
				BUNDLE_LOADER = "$(TEST_HOST)";
				CODE_SIGN_STYLE = Automatic;
				INFOPLIST_FILE = flashcardsTests/Info.plist;
				IPHONEOS_DEPLOYMENT_TARGET = 14.4;
				LD_RUNPATH_SEARCH_PATHS = (
					"$(inherited)",
					"@executable_path/Frameworks",
					"@loader_path/Frameworks",
				);
				PRODUCT_BUNDLE_IDENTIFIER = Andrew.flashcardsTests;
				PRODUCT_NAME = "$(TARGET_NAME)";
				SWIFT_VERSION = 5.0;
				TARGETED_DEVICE_FAMILY = "1,2";
				TEST_HOST = "$(BUILT_PRODUCTS_DIR)/flashcards.app/flashcards";
			};
			name = Release;
		};
		09ED733825D9CB5200511EBD /* Debug */ = {
			isa = XCBuildConfiguration;
			buildSettings = {
				ALWAYS_EMBED_SWIFT_STANDARD_LIBRARIES = YES;
				CODE_SIGN_STYLE = Automatic;
				INFOPLIST_FILE = flashcardsUITests/Info.plist;
				LD_RUNPATH_SEARCH_PATHS = (
					"$(inherited)",
					"@executable_path/Frameworks",
					"@loader_path/Frameworks",
				);
				PRODUCT_BUNDLE_IDENTIFIER = Andrew.flashcardsUITests;
				PRODUCT_NAME = "$(TARGET_NAME)";
				SWIFT_VERSION = 5.0;
				TARGETED_DEVICE_FAMILY = "1,2";
				TEST_TARGET_NAME = flashcards;
			};
			name = Debug;
		};
		09ED733925D9CB5200511EBD /* Release */ = {
			isa = XCBuildConfiguration;
			buildSettings = {
				ALWAYS_EMBED_SWIFT_STANDARD_LIBRARIES = YES;
				CODE_SIGN_STYLE = Automatic;
				INFOPLIST_FILE = flashcardsUITests/Info.plist;
				LD_RUNPATH_SEARCH_PATHS = (
					"$(inherited)",
					"@executable_path/Frameworks",
					"@loader_path/Frameworks",
				);
				PRODUCT_BUNDLE_IDENTIFIER = Andrew.flashcardsUITests;
				PRODUCT_NAME = "$(TARGET_NAME)";
				SWIFT_VERSION = 5.0;
				TARGETED_DEVICE_FAMILY = "1,2";
				TEST_TARGET_NAME = flashcards;
			};
			name = Release;
		};
/* End XCBuildConfiguration section */

/* Begin XCConfigurationList section */
		09ED730225D9CB4F00511EBD /* Build configuration list for PBXProject "flashcards" */ = {
			isa = XCConfigurationList;
			buildConfigurations = (
				09ED732F25D9CB5200511EBD /* Debug */,
				09ED733025D9CB5200511EBD /* Release */,
			);
			defaultConfigurationIsVisible = 0;
			defaultConfigurationName = Release;
		};
		09ED733125D9CB5200511EBD /* Build configuration list for PBXNativeTarget "flashcards" */ = {
			isa = XCConfigurationList;
			buildConfigurations = (
				09ED733225D9CB5200511EBD /* Debug */,
				09ED733325D9CB5200511EBD /* Release */,
			);
			defaultConfigurationIsVisible = 0;
			defaultConfigurationName = Release;
		};
		09ED733425D9CB5200511EBD /* Build configuration list for PBXNativeTarget "flashcardsTests" */ = {
			isa = XCConfigurationList;
			buildConfigurations = (
				09ED733525D9CB5200511EBD /* Debug */,
				09ED733625D9CB5200511EBD /* Release */,
			);
			defaultConfigurationIsVisible = 0;
			defaultConfigurationName = Release;
		};
		09ED733725D9CB5200511EBD /* Build configuration list for PBXNativeTarget "flashcardsUITests" */ = {
			isa = XCConfigurationList;
			buildConfigurations = (
				09ED733825D9CB5200511EBD /* Debug */,
				09ED733925D9CB5200511EBD /* Release */,
			);
			defaultConfigurationIsVisible = 0;
			defaultConfigurationName = Release;
		};
/* End XCConfigurationList section */
	};
	rootObject = 09ED72FF25D9CB4F00511EBD /* Project object */;
}
